
Microsoft Visual Studio Solution File, Format Version 12.00
Project("{FAE04EC0-301F-11D3-BF4B-00C04F79EFBC}") = "OAuthWithMock", "OAuthWithMock\OAuthWithMock.csproj", "{EFC8EB15-6242-47EF-AD01-D2217355048C}"
EndProject
Global
	GlobalSection(SolutionConfigurationPlatforms) = preSolution
		Debug|Any CPU = Debug|Any CPU
		Release|Any CPU = Release|Any CPU
	EndGlobalSection
	GlobalSection(ProjectConfigurationPlatforms) = postSolution
		{EFC8EB15-6242-47EF-AD01-D2217355048C}.Debug|Any CPU.ActiveCfg = Debug|Any CPU
		{EFC8EB15-6242-47EF-AD01-D2217355048C}.Debug|Any CPU.Build.0 = Debug|Any CPU
		{EFC8EB15-6242-47EF-AD01-D2217355048C}.Release|Any CPU.ActiveCfg = Release|Any CPU
		{EFC8EB15-6242-47EF-AD01-D2217355048C}.Release|Any CPU.Build.0 = Release|Any CPU
	EndGlobalSection
EndGlobal
