
Microsoft Visual Studio Solution File, Format Version 12.00
Project("{2150E333-8FDC-42A3-9474-1A3956D46DE8}") = "Cookie", "Cookie", "{BCC6BB2A-93E2-4B2F-916A-C14EE58474F3}"
EndProject
Project("{2150E333-8FDC-42A3-9474-1A3956D46DE8}") = "Token", "Token", "{EF419DA3-9981-448C-AFDD-EFA23309FD0F}"
EndProject
Project("{FAE04EC0-301F-11D3-BF4B-00C04F79EFBC}") = "Cookie.Client", "Cookie.Client\Cookie.Client.csproj", "{D8F38C95-CBBC-4855-B017-7A25D4E57CEE}"
EndProject
Project("{FAE04EC0-301F-11D3-BF4B-00C04F79EFBC}") = "Cookie.Server", "Cookie.Server\Cookie.Server.csproj", "{8758F285-A683-48B4-B54B-9C3E9762A512}"
EndProject
Project("{2150E333-8FDC-42A3-9474-1A3956D46DE8}") = "ApiKey", "ApiKey", "{C0DEC5E2-3B14-4142-B6DB-3FCC13603BF9}"
EndProject
Project("{FAE04EC0-301F-11D3-BF4B-00C04F79EFBC}") = "ApiKeyAuth", "ApiKeyAuth\ApiKeyAuth.csproj", "{67880ED8-A176-4BD7-88B4-C6ACEF65E718}"
EndProject
Project("{FAE04EC0-301F-11D3-BF4B-00C04F79EFBC}") = "Blazor.Server", "Blazor.Server\Blazor.Server.csproj", "{90189B07-125F-4482-9418-A07A0DDACCD2}"
EndProject
Global
	GlobalSection(SolutionConfigurationPlatforms) = preSolution
		Debug|Any CPU = Debug|Any CPU
		Release|Any CPU = Release|Any CPU
	EndGlobalSection
	GlobalSection(ProjectConfigurationPlatforms) = postSolution
		{D8F38C95-CBBC-4855-B017-7A25D4E57CEE}.Debug|Any CPU.ActiveCfg = Debug|Any CPU
		{D8F38C95-CBBC-4855-B017-7A25D4E57CEE}.Debug|Any CPU.Build.0 = Debug|Any CPU
		{D8F38C95-CBBC-4855-B017-7A25D4E57CEE}.Release|Any CPU.ActiveCfg = Release|Any CPU
		{D8F38C95-CBBC-4855-B017-7A25D4E57CEE}.Release|Any CPU.Build.0 = Release|Any CPU
		{8758F285-A683-48B4-B54B-9C3E9762A512}.Debug|Any CPU.ActiveCfg = Debug|Any CPU
		{8758F285-A683-48B4-B54B-9C3E9762A512}.Debug|Any CPU.Build.0 = Debug|Any CPU
		{8758F285-A683-48B4-B54B-9C3E9762A512}.Release|Any CPU.ActiveCfg = Release|Any CPU
		{8758F285-A683-48B4-B54B-9C3E9762A512}.Release|Any CPU.Build.0 = Release|Any CPU
		{67880ED8-A176-4BD7-88B4-C6ACEF65E718}.Debug|Any CPU.ActiveCfg = Debug|Any CPU
		{67880ED8-A176-4BD7-88B4-C6ACEF65E718}.Debug|Any CPU.Build.0 = Debug|Any CPU
		{67880ED8-A176-4BD7-88B4-C6ACEF65E718}.Release|Any CPU.ActiveCfg = Release|Any CPU
		{67880ED8-A176-4BD7-88B4-C6ACEF65E718}.Release|Any CPU.Build.0 = Release|Any CPU
		{90189B07-125F-4482-9418-A07A0DDACCD2}.Debug|Any CPU.ActiveCfg = Debug|Any CPU
		{90189B07-125F-4482-9418-A07A0DDACCD2}.Debug|Any CPU.Build.0 = Debug|Any CPU
		{90189B07-125F-4482-9418-A07A0DDACCD2}.Release|Any CPU.ActiveCfg = Release|Any CPU
		{90189B07-125F-4482-9418-A07A0DDACCD2}.Release|Any CPU.Build.0 = Release|Any CPU
	EndGlobalSection
	GlobalSection(NestedProjects) = preSolution
		{D8F38C95-CBBC-4855-B017-7A25D4E57CEE} = {BCC6BB2A-93E2-4B2F-916A-C14EE58474F3}
		{8758F285-A683-48B4-B54B-9C3E9762A512} = {BCC6BB2A-93E2-4B2F-916A-C14EE58474F3}
		{67880ED8-A176-4BD7-88B4-C6ACEF65E718} = {C0DEC5E2-3B14-4142-B6DB-3FCC13603BF9}
		{90189B07-125F-4482-9418-A07A0DDACCD2} = {EF419DA3-9981-448C-AFDD-EFA23309FD0F}
	EndGlobalSection
EndGlobal
