
Microsoft Visual Studio Solution File, Format Version 12.00
Project("{FAE04EC0-301F-11D3-BF4B-00C04F79EFBC}") = "CookieAuthorization", "CookieAuthorization\CookieAuthorization.csproj", "{1F698FAC-210F-4CA0-834C-319CFD04B5CE}"
EndProject
Project("{FAE04EC0-301F-11D3-BF4B-00C04F79EFBC}") = "CustomCookieAuthorization", "CustomCookieAuthorization\CustomCookieAuthorization.csproj", "{B2F3972D-208D-463E-A8C6-220A07E21B47}"
EndProject
Global
	GlobalSection(SolutionConfigurationPlatforms) = preSolution
		Debug|Any CPU = Debug|Any CPU
		Release|Any CPU = Release|Any CPU
	EndGlobalSection
	GlobalSection(ProjectConfigurationPlatforms) = postSolution
		{1F698FAC-210F-4CA0-834C-319CFD04B5CE}.Debug|Any CPU.ActiveCfg = Debug|Any CPU
		{1F698FAC-210F-4CA0-834C-319CFD04B5CE}.Debug|Any CPU.Build.0 = Debug|Any CPU
		{1F698FAC-210F-4CA0-834C-319CFD04B5CE}.Release|Any CPU.ActiveCfg = Release|Any CPU
		{1F698FAC-210F-4CA0-834C-319CFD04B5CE}.Release|Any CPU.Build.0 = Release|Any CPU
		{B2F3972D-208D-463E-A8C6-220A07E21B47}.Debug|Any CPU.ActiveCfg = Debug|Any CPU
		{B2F3972D-208D-463E-A8C6-220A07E21B47}.Debug|Any CPU.Build.0 = Debug|Any CPU
		{B2F3972D-208D-463E-A8C6-220A07E21B47}.Release|Any CPU.ActiveCfg = Release|Any CPU
		{B2F3972D-208D-463E-A8C6-220A07E21B47}.Release|Any CPU.Build.0 = Release|Any CPU
	EndGlobalSection
EndGlobal
